{
  "name": "flinch-demo-react",
  "version": "1.0.0",
  "lockfileVersion": 1,
  "requires": true,
  "dependencies": {
    "@babel/helper-builder-react-jsx": {
      "version": "7.3.0",
      "resolved": "https://registry.npmjs.org/@babel/helper-builder-react-jsx/-/helper-builder-react-jsx-7.3.0.tgz",
      "integrity": "sha512-MjA9KgwCuPEkQd9ncSXvSyJ5y+j2sICHyrI0M3L+6fnS4wMSNDc1ARXsbTfbb2cXHn17VisSnU/sHFTCxVxSMw==",
      "dev": true,
      "requires": {
        "@babel/types": "^7.3.0",
        "esutils": "^2.0.0"
      }
    },
    "@babel/helper-plugin-utils": {
      "version": "7.0.0",
      "resolved": "https://registry.npmjs.org/@babel/helper-plugin-utils/-/helper-plugin-utils-7.0.0.tgz",
      "integrity": "sha512-CYAOUCARwExnEixLdB6sDm2dIJ/YgEAKDM1MOeMeZu9Ld/bDgVo8aiWrXwcY7OBh+1Ea2uUcVRcxKk0GJvW7QA==",
      "dev": true
    },
    "@babel/plugin-syntax-jsx": {
      "version": "7.2.0",
      "resolved": "https://registry.npmjs.org/@babel/plugin-syntax-jsx/-/plugin-syntax-jsx-7.2.0.tgz",
      "integrity": "sha512-VyN4QANJkRW6lDBmENzRszvZf3/4AXaj9YR7GwrWeeN9tEBPuXbmDYVU9bYBN0D70zCWVwUy0HWq2553VCb6Hw==",
      "dev": true,
      "requires": {
        "@babel/helper-plugin-utils": "^7.0.0"
      }
    },
    "@babel/plugin-transform-react-display-name": {
      "version": "7.2.0",
      "resolved": "https://registry.npmjs.org/@babel/plugin-transform-react-display-name/-/plugin-transform-react-display-name-7.2.0.tgz",
      "integrity": "sha512-Htf/tPa5haZvRMiNSQSFifK12gtr/8vwfr+A9y69uF0QcU77AVu4K7MiHEkTxF7lQoHOL0F9ErqgfNEAKgXj7A==",
      "dev": true,
      "requires": {
        "@babel/helper-plugin-utils": "^7.0.0"
      }
    },
    "@babel/plugin-transform-react-jsx": {
      "version": "7.3.0",
      "resolved": "https://registry.npmjs.org/@babel/plugin-transform-react-jsx/-/plugin-transform-react-jsx-7.3.0.tgz",
      "integrity": "sha512-a/+aRb7R06WcKvQLOu4/TpjKOdvVEKRLWFpKcNuHhiREPgGRB4TQJxq07+EZLS8LFVYpfq1a5lDUnuMdcCpBKg==",
      "dev": true,
      "requires": {
        "@babel/helper-builder-react-jsx": "^7.3.0",
        "@babel/helper-plugin-utils": "^7.0.0",
        "@babel/plugin-syntax-jsx": "^7.2.0"
      }
    },
    "@babel/plugin-transform-react-jsx-self": {
      "version": "7.2.0",
      "resolved": "https://registry.npmjs.org/@babel/plugin-transform-react-jsx-self/-/plugin-transform-react-jsx-self-7.2.0.tgz",
      "integrity": "sha512-v6S5L/myicZEy+jr6ielB0OR8h+EH/1QFx/YJ7c7Ua+7lqsjj/vW6fD5FR9hB/6y7mGbfT4vAURn3xqBxsUcdg==",
      "dev": true,
      "requires": {
        "@babel/helper-plugin-utils": "^7.0.0",
        "@babel/plugin-syntax-jsx": "^7.2.0"
      }
    },
    "@babel/plugin-transform-react-jsx-source": {
      "version": "7.5.0",
      "resolved": "https://registry.npmjs.org/@babel/plugin-transform-react-jsx-source/-/plugin-transform-react-jsx-source-7.5.0.tgz",
      "integrity": "sha512-58Q+Jsy4IDCZx7kqEZuSDdam/1oW8OdDX8f+Loo6xyxdfg1yF0GE2XNJQSTZCaMol93+FBzpWiPEwtbMloAcPg==",
      "dev": true,
      "requires": {
        "@babel/helper-plugin-utils": "^7.0.0",
        "@babel/plugin-syntax-jsx": "^7.2.0"
      }
    },
    "@babel/preset-react": {
      "version": "7.6.3",
      "resolved": "https://registry.npmjs.org/@babel/preset-react/-/preset-react-7.6.3.tgz",
      "integrity": "sha512-07yQhmkZmRAfwREYIQgW0HEwMY9GBJVuPY4Q12UC72AbfaawuupVWa8zQs2tlL+yun45Nv/1KreII/0PLfEsgA==",
      "dev": true,
      "requires": {
        "@babel/helper-plugin-utils": "^7.0.0",
        "@babel/plugin-transform-react-display-name": "^7.0.0",
        "@babel/plugin-transform-react-jsx": "^7.0.0",
        "@babel/plugin-transform-react-jsx-self": "^7.0.0",
        "@babel/plugin-transform-react-jsx-source": "^7.0.0"
      }
    },
    "@babel/types": {
      "version": "7.6.3",
      "resolved": "https://registry.npmjs.org/@babel/types/-/types-7.6.3.tgz",
      "integrity": "sha512-CqbcpTxMcpuQTMhjI37ZHVgjBkysg5icREQIEZ0eG1yCNwg3oy+5AaLiOKmjsCj6nqOsa6Hf0ObjRVwokb7srA==",
      "dev": true,
      "requires": {
        "esutils": "^2.0.2",
        "lodash": "^4.17.13",
        "to-fast-properties": "^2.0.0"
      }
    },
    "@flinch/react": {
      "version": "0.0.1",
      "dev": true,
      "requires": {
        "@flinch/context": "0.0.1",
        "@flinch/core": "0.0.1",
        "@flinch/dom": "0.0.1",
        "@flinch/effect": "0.0.1"
      },
      "dependencies": {
        "@flinch/context": {
          "version": "0.0.1",
          "bundled": true,
          "dev": true,
          "requires": {
            "@flinch/core": "0.0.1",
            "@flinch/effect": "0.0.1",
            "@flinch/props-defaults": "0.0.1"
          },
          "dependencies": {
            "@flinch/core": {
              "version": "0.0.1",
              "bundled": true,
              "dev": true
            },
            "@flinch/effect": {
              "version": "0.0.1",
              "bundled": true,
              "dev": true
            },
            "@flinch/props-defaults": {
              "version": "0.0.1",
              "bundled": true,
              "dev": true,
              "requires": {
                "@flinch/core": "0.0.1"
              },
              "dependencies": {
                "@flinch/core": {
                  "version": "0.0.1",
                  "bundled": true,
                  "dev": true
                }
              }
            }
          }
        },
        "@flinch/core": {
          "version": "0.0.1",
          "bundled": true,
          "dev": true
        },
        "@flinch/dom": {
          "version": "0.0.1",
          "bundled": true,
          "dev": true,
          "requires": {
            "@flinch/core": "0.0.1"
          },
          "dependencies": {
            "@flinch/core": {
              "version": "0.0.1",
              "bundled": true,
              "dev": true
            },
            "@flinch/flinch-core": {
              "bundled": true
            }
          }
        },
        "@flinch/effect": {
          "version": "0.0.1",
          "bundled": true,
          "dev": true
        }
      }
    },
    "esutils": {
      "version": "2.0.3",
      "resolved": "https://registry.npmjs.org/esutils/-/esutils-2.0.3.tgz",
      "integrity": "sha512-kVscqXk4OCp68SZ0dkgEKVi6/8ij300KBWTJq32P/dYeWTSwK41WyTxalN1eRmA5Z9UU/LX9D7FWSmV9SAYx6g==",
      "dev": true
    },
    "lodash": {
      "version": "4.17.15",
      "resolved": "https://registry.npmjs.org/lodash/-/lodash-4.17.15.tgz",
      "integrity": "sha512-8xOcRHvCjnocdS5cpwXQXVzmmh5e5+saE2QGoeQmbKmRS6J3VQppPOIt0MnmE+4xlZoumy0GPG0D0MVIQbNA1A==",
      "dev": true
    },
    "to-fast-properties": {
      "version": "2.0.0",
      "resolved": "https://registry.npmjs.org/to-fast-properties/-/to-fast-properties-2.0.0.tgz",
      "integrity": "sha1-3F5pjL0HkmW8c+A3doGk5Og/YW4=",
      "dev": true
    }
  }
}
